// !$*UTF8*$!
{
	archiveVersion = 1;
	classes = {
	};
	objectVersion = 56;
	objects = {

/* Begin PBXBuildFile section */
		C463EA6728F366C2006F3334 /* AppDelegate.swift in Sources */ = {isa = PBXBuildFile; fileRef = C463EA6628F366C2006F3334 /* AppDelegate.swift */; };
		C463EA6928F366C2006F3334 /* SceneDelegate.swift in Sources */ = {isa = PBXBuildFile; fileRef = C463EA6828F366C2006F3334 /* SceneDelegate.swift */; };
		C463EA6B28F366C2006F3334 /* ViewController.swift in Sources */ = {isa = PBXBuildFile; fileRef = C463EA6A28F366C2006F3334 /* ViewController.swift */; };
		C463EA6E28F366C2006F3334 /* Main.storyboard in Resources */ = {isa = PBXBuildFile; fileRef = C463EA6C28F366C2006F3334 /* Main.storyboard */; };
		C463EA7028F366C3006F3334 /* Assets.xcassets in Resources */ = {isa = PBXBuildFile; fileRef = C463EA6F28F366C3006F3334 /* Assets.xcassets */; };
		C463EA7328F366C3006F3334 /* LaunchScreen.storyboard in Resources */ = {isa = PBXBuildFile; fileRef = C463EA7128F366C3006F3334 /* LaunchScreen.storyboard */; };
		C463EA7D28F37B4B006F3334 /* tela02VC.swift in Sources */ = {isa = PBXBuildFile; fileRef = C463EA7C28F37B4B006F3334 /* tela02VC.swift */; };
		C463EA7F28F37B5F006F3334 /* tela02VC.storyboard in Resources */ = {isa = PBXBuildFile; fileRef = C463EA7E28F37B5F006F3334 /* tela02VC.storyboard */; };
/* End PBXBuildFile section */

/* Begin PBXFileReference section */
		C463EA6328F366C2006F3334 /* modalComReferencia.app */ = {isa = PBXFileReference; explicitFileType = wrapper.application; includeInIndex = 0; path = modalComReferencia.app; sourceTree = BUILT_PRODUCTS_DIR; };
		C463EA6628F366C2006F3334 /* AppDelegate.swift */ = {isa = PBXFileReference; lastKnownFileType = sourcecode.swift; path = AppDelegate.swift; sourceTree = "<group>"; };
		C463EA6828F366C2006F3334 /* SceneDelegate.swift */ = {isa = PBXFileReference; lastKnownFileType = sourcecode.swift; path = SceneDelegate.swift; sourceTree = "<group>"; };
		C463EA6A28F366C2006F3334 /* ViewController.swift */ = {isa = PBXFileReference; lastKnownFileType = sourcecode.swift; path = ViewController.swift; sourceTree = "<group>"; };
		C463EA6D28F366C2006F3334 /* Base */ = {isa = PBXFileReference; lastKnownFileType = file.storyboard; name = Base; path = Base.lproj/Main.storyboard; sourceTree = "<group>"; };
		C463EA6F28F366C3006F3334 /* Assets.xcassets */ = {isa = PBXFileReference; lastKnownFileType = folder.assetcatalog; path = Assets.xcassets; sourceTree = "<group>"; };
		C463EA7228F366C3006F3334 /* Base */ = {isa = PBXFileReference; lastKnownFileType = file.storyboard; name = Base; path = Base.lproj/LaunchScreen.storyboard; sourceTree = "<group>"; };
		C463EA7428F366C3006F3334 /* Info.plist */ = {isa = PBXFileReference; lastKnownFileType = text.plist.xml; path = Info.plist; sourceTree = "<group>"; };
		C463EA7C28F37B4B006F3334 /* tela02VC.swift */ = {isa = PBXFileReference; lastKnownFileType = sourcecode.swift; path = tela02VC.swift; sourceTree = "<group>"; };
		C463EA7E28F37B5F006F3334 /* tela02VC.storyboard */ = {isa = PBXFileReference; lastKnownFileType = file.storyboard; path = tela02VC.storyboard; sourceTree = "<group>"; };
/* End PBXFileReference section */

/* Begin PBXFrameworksBuildPhase section */
		C463EA6028F366C2006F3334 /* Frameworks */ = {
			isa = PBXFrameworksBuildPhase;
			buildActionMask = 2147483647;
			files = (
			);
			runOnlyForDeploymentPostprocessing = 0;
		};
/* End PBXFrameworksBuildPhase section */

/* Begin PBXGroup section */
		C463EA5A28F366C2006F3334 = {
			isa = PBXGroup;
			children = (
				C463EA6528F366C2006F3334 /* modalComReferencia */,
				C463EA6428F366C2006F3334 /* Products */,
			);
			sourceTree = "<group>";
		};
		C463EA6428F366C2006F3334 /* Products */ = {
			isa = PBXGroup;
			children = (
				C463EA6328F366C2006F3334 /* modalComReferencia.app */,
			);
			name = Products;
			sourceTree = "<group>";
		};
		C463EA6528F366C2006F3334 /* modalComReferencia */ = {
			isa = PBXGroup;
			children = (
				C463EA6628F366C2006F3334 /* AppDelegate.swift */,
				C463EA6828F366C2006F3334 /* SceneDelegate.swift */,
				C463EA6A28F366C2006F3334 /* ViewController.swift */,
				C463EA6C28F366C2006F3334 /* Main.storyboard */,
				C463EA6F28F366C3006F3334 /* Assets.xcassets */,
				C463EA7128F366C3006F3334 /* LaunchScreen.storyboard */,
				C463EA7428F366C3006F3334 /* Info.plist */,
				C463EA7C28F37B4B006F3334 /* tela02VC.swift */,
				C463EA7E28F37B5F006F3334 /* tela02VC.storyboard */,
			);
			path = modalComReferencia;
			sourceTree = "<group>";
		};
/* End PBXGroup section */

/* Begin PBXNativeTarget section */
		C463EA6228F366C2006F3334 /* modalComReferencia */ = {
			isa = PBXNativeTarget;
			buildConfigurationList = C463EA7728F366C3006F3334 /* Build configuration list for PBXNativeTarget "modalComReferencia" */;
			buildPhases = (
				C463EA5F28F366C2006F3334 /* Sources */,
				C463EA6028F366C2006F3334 /* Frameworks */,
				C463EA6128F366C2006F3334 /* Resources */,
			);
			buildRules = (
			);
			dependencies = (
			);
			name = modalComReferencia;
			productName = modalComReferencia;
			productReference = C463EA6328F366C2006F3334 /* modalComReferencia.app */;
			productType = "com.apple.product-type.application";
		};
/* End PBXNativeTarget section */

/* Begin PBXProject section */
		C463EA5B28F366C2006F3334 /* Project object */ = {
			isa = PBXProject;
			attributes = {
				BuildIndependentTargetsInParallel = 1;
				LastSwiftUpdateCheck = 1400;
				LastUpgradeCheck = 1400;
				TargetAttributes = {
					C463EA6228F366C2006F3334 = {
						CreatedOnToolsVersion = 14.0;
					};
				};
			};
			buildConfigurationList = C463EA5E28F366C2006F3334 /* Build configuration list for PBXProject "modalComReferencia" */;
			compatibilityVersion = "Xcode 14.0";
			developmentRegion = en;
			hasScannedForEncodings = 0;
			knownRegions = (
				en,
				Base,
			);
			mainGroup = C463EA5A28F366C2006F3334;
			productRefGroup = C463EA6428F366C2006F3334 /* Products */;
			projectDirPath = "";
			projectRoot = "";
			targets = (
				C463EA6228F366C2006F3334 /* modalComReferencia */,
			);
		};
/* End PBXProject section */

/* Begin PBXResourcesBuildPhase section */
		C463EA6128F366C2006F3334 /* Resources */ = {
			isa = PBXResourcesBuildPhase;
			buildActionMask = 2147483647;
			files = (
				C463EA7328F366C3006F3334 /* LaunchScreen.storyboard in Resources */,
				C463EA7028F366C3006F3334 /* Assets.xcassets in Resources */,
				C463EA6E28F366C2006F3334 /* Main.storyboard in Resources */,
				C463EA7F28F37B5F006F3334 /* tela02VC.storyboard in Resources */,
			);
			runOnlyForDeploymentPostprocessing = 0;
		};
/* End PBXResourcesBuildPhase section */

/* Begin PBXSourcesBuildPhase section */
		C463EA5F28F366C2006F3334 /* Sources */ = {
			isa = PBXSourcesBuildPhase;
			buildActionMask = 2147483647;
			files = (
				C463EA6B28F366C2006F3334 /* ViewController.swift in Sources */,
				C463EA6728F366C2006F3334 /* AppDelegate.swift in Sources */,
				C463EA7D28F37B4B006F3334 /* tela02VC.swift in Sources */,
				C463EA6928F366C2006F3334 /* SceneDelegate.swift in Sources */,
			);
			runOnlyForDeploymentPostprocessing = 0;
		};
/* End PBXSourcesBuildPhase section */

/* Begin PBXVariantGroup section */
		C463EA6C28F366C2006F3334 /* Main.storyboard */ = {
			isa = PBXVariantGroup;
			children = (
				C463EA6D28F366C2006F3334 /* Base */,
			);
			name = Main.storyboard;
			sourceTree = "<group>";
		};
		C463EA7128F366C3006F3334 /* LaunchScreen.storyboard */ = {
			isa = PBXVariantGroup;
			children = (
				C463EA7228F366C3006F3334 /* Base */,
			);
			name = LaunchScreen.storyboard;
			sourceTree = "<group>";
		};
/* End PBXVariantGroup section */

/* Begin XCBuildConfiguration section */
		C463EA7528F366C3006F3334 /* Debug */ = {
			isa = XCBuildConfiguration;
			buildSettings = {
				ALWAYS_SEARCH_USER_PATHS = NO;
				CLANG_ANALYZER_NONNULL = YES;
				CLANG_ANALYZER_NUMBER_OBJECT_CONVERSION = YES_AGGRESSIVE;
				CLANG_CXX_LANGUAGE_STANDARD = "gnu++20";
				CLANG_ENABLE_MODULES = YES;
				CLANG_ENABLE_OBJC_ARC = YES;
				CLANG_ENABLE_OBJC_WEAK = YES;
				CLANG_WARN_BLOCK_CAPTURE_AUTORELEASING = YES;
				CLANG_WARN_BOOL_CONVERSION = YES;
				CLANG_WARN_COMMA = YES;
				CLANG_WARN_CONSTANT_CONVERSION = YES;
				CLANG_WARN_DEPRECATED_OBJC_IMPLEMENTATIONS = YES;
				CLANG_WARN_DIRECT_OBJC_ISA_USAGE = YES_ERROR;
				CLANG_WARN_DOCUMENTATION_COMMENTS = YES;
				CLANG_WARN_EMPTY_BODY = YES;
				CLANG_WARN_ENUM_CONVERSION = YES;
				CLANG_WARN_INFINITE_RECURSION = YES;
				CLANG_WARN_INT_CONVERSION = YES;
				CLANG_WARN_NON_LITERAL_NULL_CONVERSION = YES;
				CLANG_WARN_OBJC_IMPLICIT_RETAIN_SELF = YES;
				CLANG_WARN_OBJC_LITERAL_CONVERSION = YES;
				CLANG_WARN_OBJC_ROOT_CLASS = YES_ERROR;
				CLANG_WARN_QUOTED_INCLUDE_IN_FRAMEWORK_HEADER = YES;
				CLANG_WARN_RANGE_LOOP_ANALYSIS = YES;
				CLANG_WARN_STRICT_PROTOTYPES = YES;
				CLANG_WARN_SUSPICIOUS_MOVE = YES;
				CLANG_WARN_UNGUARDED_AVAILABILITY = YES_AGGRESSIVE;
				CLANG_WARN_UNREACHABLE_CODE = YES;
				CLANG_WARN__DUPLICATE_METHOD_MATCH = YES;
				COPY_PHASE_STRIP = NO;
				DEBUG_INFORMATION_FORMAT = dwarf;
				ENABLE_STRICT_OBJC_MSGSEND = YES;
				ENABLE_TESTABILITY = YES;
				GCC_C_LANGUAGE_STANDARD = gnu11;
				GCC_DYNAMIC_NO_PIC = NO;
				GCC_NO_COMMON_BLOCKS = YES;
				GCC_OPTIMIZATION_LEVEL = 0;
				GCC_PREPROCESSOR_DEFINITIONS = (
					"DEBUG=1",
					"$(inherited)",
				);
				GCC_WARN_64_TO_32_BIT_CONVERSION = YES;
				GCC_WARN_ABOUT_RETURN_TYPE = YES_ERROR;
				GCC_WARN_UNDECLARED_SELECTOR = YES;
				GCC_WARN_UNINITIALIZED_AUTOS = YES_AGGRESSIVE;
				GCC_WARN_UNUSED_FUNCTION = YES;
				GCC_WARN_UNUSED_VARIABLE = YES;
				IPHONEOS_DEPLOYMENT_TARGET = 16.0;
				MTL_ENABLE_DEBUG_INFO = INCLUDE_SOURCE;
				MTL_FAST_MATH = YES;
				ONLY_ACTIVE_ARCH = YES;
				SDKROOT = iphoneos;
				SWIFT_ACTIVE_COMPILATION_CONDITIONS = DEBUG;
				SWIFT_OPTIMIZATION_LEVEL = "-Onone";
			};
			name = Debug;
		};
		C463EA7628F366C3006F3334 /* Release */ = {
			isa = XCBuildConfiguration;
			buildSettings = {
				ALWAYS_SEARCH_USER_PATHS = NO;
				CLANG_ANALYZER_NONNULL = YES;
				CLANG_ANALYZER_NUMBER_OBJECT_CONVERSION = YES_AGGRESSIVE;
				CLANG_CXX_LANGUAGE_STANDARD = "gnu++20";
				CLANG_ENABLE_MODULES = YES;
				CLANG_ENABLE_OBJC_ARC = YES;
				CLANG_ENABLE_OBJC_WEAK = YES;
				CLANG_WARN_BLOCK_CAPTURE_AUTORELEASING = YES;
				CLANG_WARN_BOOL_CONVERSION = YES;
				CLANG_WARN_COMMA = YES;
				CLANG_WARN_CONSTANT_CONVERSION = YES;
				CLANG_WARN_DEPRECATED_OBJC_IMPLEMENTATIONS = YES;
				CLANG_WARN_DIRECT_OBJC_ISA_USAGE = YES_ERROR;
				CLANG_WARN_DOCUMENTATION_COMMENTS = YES;
				CLANG_WARN_EMPTY_BODY = YES;
				CLANG_WARN_ENUM_CONVERSION = YES;
				CLANG_WARN_INFINITE_RECURSION = YES;
				CLANG_WARN_INT_CONVERSION = YES;
				CLANG_WARN_NON_LITERAL_NULL_CONVERSION = YES;
				CLANG_WARN_OBJC_IMPLICIT_RETAIN_SELF = YES;
				CLANG_WARN_OBJC_LITERAL_CONVERSION = YES;
				CLANG_WARN_OBJC_ROOT_CLASS = YES_ERROR;
				CLANG_WARN_QUOTED_INCLUDE_IN_FRAMEWORK_HEADER = YES;
				CLANG_WARN_RANGE_LOOP_ANALYSIS = YES;
				CLANG_WARN_STRICT_PROTOTYPES = YES;
				CLANG_WARN_SUSPICIOUS_MOVE = YES;
				CLANG_WARN_UNGUARDED_AVAILABILITY = YES_AGGRESSIVE;
				CLANG_WARN_UNREACHABLE_CODE = YES;
				CLANG_WARN__DUPLICATE_METHOD_MATCH = YES;
				COPY_PHASE_STRIP = NO;
				DEBUG_INFORMATION_FORMAT = "dwarf-with-dsym";
				ENABLE_NS_ASSERTIONS = NO;
				ENABLE_STRICT_OBJC_MSGSEND = YES;
				GCC_C_LANGUAGE_STANDARD = gnu11;
				GCC_NO_COMMON_BLOCKS = YES;
				GCC_WARN_64_TO_32_BIT_CONVERSION = YES;
				GCC_WARN_ABOUT_RETURN_TYPE = YES_ERROR;
				GCC_WARN_UNDECLARED_SELECTOR = YES;
				GCC_WARN_UNINITIALIZED_AUTOS = YES_AGGRESSIVE;
				GCC_WARN_UNUSED_FUNCTION = YES;
				GCC_WARN_UNUSED_VARIABLE = YES;
				IPHONEOS_DEPLOYMENT_TARGET = 16.0;
				MTL_ENABLE_DEBUG_INFO = NO;
				MTL_FAST_MATH = YES;
				SDKROOT = iphoneos;
				SWIFT_COMPILATION_MODE = wholemodule;
				SWIFT_OPTIMIZATION_LEVEL = "-O";
				VALIDATE_PRODUCT = YES;
			};
			name = Release;
		};
		C463EA7828F366C3006F3334 /* Debug */ = {
			isa = XCBuildConfiguration;
			buildSettings = {
				ASSETCATALOG_COMPILER_APPICON_NAME = AppIcon;
				ASSETCATALOG_COMPILER_GLOBAL_ACCENT_COLOR_NAME = AccentColor;
				CODE_SIGN_STYLE = Automatic;
				CURRENT_PROJECT_VERSION = 1;
				GENERATE_INFOPLIST_FILE = YES;
				INFOPLIST_FILE = modalComReferencia/Info.plist;
				INFOPLIST_KEY_UIApplicationSupportsIndirectInputEvents = YES;
				INFOPLIST_KEY_UILaunchStoryboardName = LaunchScreen;
				INFOPLIST_KEY_UIMainStoryboardFile = Main;
				INFOPLIST_KEY_UISupportedInterfaceOrientations_iPad = "UIInterfaceOrientationPortrait UIInterfaceOrientationPortraitUpsideDown UIInterfaceOrientationLandscapeLeft UIInterfaceOrientationLandscapeRight";
				INFOPLIST_KEY_UISupportedInterfaceOrientations_iPhone = "UIInterfaceOrientationPortrait UIInterfaceOrientationLandscapeLeft UIInterfaceOrientationLandscapeRight";
				LD_RUNPATH_SEARCH_PATHS = (
					"$(inherited)",
					"@executable_path/Frameworks",
				);
				MARKETING_VERSION = 1.0;
				PRODUCT_BUNDLE_IDENTIFIER = com.modalComReferencia;
				PRODUCT_NAME = "$(TARGET_NAME)";
				SWIFT_EMIT_LOC_STRINGS = YES;
				SWIFT_VERSION = 5.0;
				TARGETED_DEVICE_FAMILY = "1,2";
			};
			name = Debug;
		};
		C463EA7928F366C3006F3334 /* Release */ = {
			isa = XCBuildConfiguration;
			buildSettings = {
				ASSETCATALOG_COMPILER_APPICON_NAME = AppIcon;
				ASSETCATALOG_COMPILER_GLOBAL_ACCENT_COLOR_NAME = AccentColor;
				CODE_SIGN_STYLE = Automatic;
				CURRENT_PROJECT_VERSION = 1;
				GENERATE_INFOPLIST_FILE = YES;
				INFOPLIST_FILE = modalComReferencia/Info.plist;
				INFOPLIST_KEY_UIApplicationSupportsIndirectInputEvents = YES;
				INFOPLIST_KEY_UILaunchStoryboardName = LaunchScreen;
				INFOPLIST_KEY_UIMainStoryboardFile = Main;
				INFOPLIST_KEY_UISupportedInterfaceOrientations_iPad = "UIInterfaceOrientationPortrait UIInterfaceOrientationPortraitUpsideDown UIInterfaceOrientationLandscapeLeft UIInterfaceOrientationLandscapeRight";
				INFOPLIST_KEY_UISupportedInterfaceOrientations_iPhone = "UIInterfaceOrientationPortrait UIInterfaceOrientationLandscapeLeft UIInterfaceOrientationLandscapeRight";
				LD_RUNPATH_SEARCH_PATHS = (
					"$(inherited)",
					"@executable_path/Frameworks",
				);
				MARKETING_VERSION = 1.0;
				PRODUCT_BUNDLE_IDENTIFIER = com.modalComReferencia;
				PRODUCT_NAME = "$(TARGET_NAME)";
				SWIFT_EMIT_LOC_STRINGS = YES;
				SWIFT_VERSION = 5.0;
				TARGETED_DEVICE_FAMILY = "1,2";
			};
			name = Release;
		};
/* End XCBuildConfiguration section */

/* Begin XCConfigurationList section */
		C463EA5E28F366C2006F3334 /* Build configuration list for PBXProject "modalComReferencia" */ = {
			isa = XCConfigurationList;
			buildConfigurations = (
				C463EA7528F366C3006F3334 /* Debug */,
				C463EA7628F366C3006F3334 /* Release */,
			);
			defaultConfigurationIsVisible = 0;
			defaultConfigurationName = Release;
		};
		C463EA7728F366C3006F3334 /* Build configuration list for PBXNativeTarget "modalComReferencia" */ = {
			isa = XCConfigurationList;
			buildConfigurations = (
				C463EA7828F366C3006F3334 /* Debug */,
				C463EA7928F366C3006F3334 /* Release */,
			);
			defaultConfigurationIsVisible = 0;
			defaultConfigurationName = Release;
		};
/* End XCConfigurationList section */
	};
	rootObject = C463EA5B28F366C2006F3334 /* Project object */;
}
