// !$*UTF8*$!
{
	archiveVersion = 1;
	classes = {
	};
	objectVersion = 56;
	objects = {

/* Begin PBXBuildFile section */
		C42ABC1828F4F5C400380016 /* tela05.swift in Sources */ = {isa = PBXBuildFile; fileRef = C42ABC1728F4F5C400380016 /* tela05.swift */; };
		C42ABC1A28F4F5D200380016 /* tela05.storyboard in Resources */ = {isa = PBXBuildFile; fileRef = C42ABC1928F4F5D200380016 /* tela05.storyboard */; };
		C434898B28F3AE980046B9F4 /* AppDelegate.swift in Sources */ = {isa = PBXBuildFile; fileRef = C434898A28F3AE980046B9F4 /* AppDelegate.swift */; };
		C434898D28F3AE980046B9F4 /* SceneDelegate.swift in Sources */ = {isa = PBXBuildFile; fileRef = C434898C28F3AE980046B9F4 /* SceneDelegate.swift */; };
		C434898F28F3AE980046B9F4 /* ViewController.swift in Sources */ = {isa = PBXBuildFile; fileRef = C434898E28F3AE980046B9F4 /* ViewController.swift */; };
		C434899228F3AE980046B9F4 /* Main.storyboard in Resources */ = {isa = PBXBuildFile; fileRef = C434899028F3AE980046B9F4 /* Main.storyboard */; };
		C434899428F3AE9A0046B9F4 /* Assets.xcassets in Resources */ = {isa = PBXBuildFile; fileRef = C434899328F3AE9A0046B9F4 /* Assets.xcassets */; };
		C434899728F3AE9A0046B9F4 /* LaunchScreen.storyboard in Resources */ = {isa = PBXBuildFile; fileRef = C434899528F3AE9A0046B9F4 /* LaunchScreen.storyboard */; };
		C434899F28F3AF570046B9F4 /* tela02.swift in Sources */ = {isa = PBXBuildFile; fileRef = C434899E28F3AF570046B9F4 /* tela02.swift */; };
		C43489A128F3AF680046B9F4 /* tela02.storyboard in Resources */ = {isa = PBXBuildFile; fileRef = C43489A028F3AF680046B9F4 /* tela02.storyboard */; };
		C43489A328F3AFB40046B9F4 /* tela03.swift in Sources */ = {isa = PBXBuildFile; fileRef = C43489A228F3AFB40046B9F4 /* tela03.swift */; };
		C43489A528F3AFC50046B9F4 /* tela03.storyboard in Resources */ = {isa = PBXBuildFile; fileRef = C43489A428F3AFC50046B9F4 /* tela03.storyboard */; };
		C43489A728F3AFFC0046B9F4 /* tela04.swift in Sources */ = {isa = PBXBuildFile; fileRef = C43489A628F3AFFC0046B9F4 /* tela04.swift */; };
		C43489A928F3B00C0046B9F4 /* tela04.storyboard in Resources */ = {isa = PBXBuildFile; fileRef = C43489A828F3B00C0046B9F4 /* tela04.storyboard */; };
/* End PBXBuildFile section */

/* Begin PBXFileReference section */
		C42ABC1728F4F5C400380016 /* tela05.swift */ = {isa = PBXFileReference; lastKnownFileType = sourcecode.swift; path = tela05.swift; sourceTree = "<group>"; };
		C42ABC1928F4F5D200380016 /* tela05.storyboard */ = {isa = PBXFileReference; lastKnownFileType = file.storyboard; path = tela05.storyboard; sourceTree = "<group>"; };
		C434898728F3AE980046B9F4 /* navigationControllerProgramatica.app */ = {isa = PBXFileReference; explicitFileType = wrapper.application; includeInIndex = 0; path = navigationControllerProgramatica.app; sourceTree = BUILT_PRODUCTS_DIR; };
		C434898A28F3AE980046B9F4 /* AppDelegate.swift */ = {isa = PBXFileReference; lastKnownFileType = sourcecode.swift; path = AppDelegate.swift; sourceTree = "<group>"; };
		C434898C28F3AE980046B9F4 /* SceneDelegate.swift */ = {isa = PBXFileReference; lastKnownFileType = sourcecode.swift; path = SceneDelegate.swift; sourceTree = "<group>"; };
		C434898E28F3AE980046B9F4 /* ViewController.swift */ = {isa = PBXFileReference; lastKnownFileType = sourcecode.swift; path = ViewController.swift; sourceTree = "<group>"; };
		C434899128F3AE980046B9F4 /* Base */ = {isa = PBXFileReference; lastKnownFileType = file.storyboard; name = Base; path = Base.lproj/Main.storyboard; sourceTree = "<group>"; };
		C434899328F3AE9A0046B9F4 /* Assets.xcassets */ = {isa = PBXFileReference; lastKnownFileType = folder.assetcatalog; path = Assets.xcassets; sourceTree = "<group>"; };
		C434899628F3AE9A0046B9F4 /* Base */ = {isa = PBXFileReference; lastKnownFileType = file.storyboard; name = Base; path = Base.lproj/LaunchScreen.storyboard; sourceTree = "<group>"; };
		C434899828F3AE9A0046B9F4 /* Info.plist */ = {isa = PBXFileReference; lastKnownFileType = text.plist.xml; path = Info.plist; sourceTree = "<group>"; };
		C434899E28F3AF570046B9F4 /* tela02.swift */ = {isa = PBXFileReference; lastKnownFileType = sourcecode.swift; path = tela02.swift; sourceTree = "<group>"; };
		C43489A028F3AF680046B9F4 /* tela02.storyboard */ = {isa = PBXFileReference; lastKnownFileType = file.storyboard; path = tela02.storyboard; sourceTree = "<group>"; };
		C43489A228F3AFB40046B9F4 /* tela03.swift */ = {isa = PBXFileReference; lastKnownFileType = sourcecode.swift; path = tela03.swift; sourceTree = "<group>"; };
		C43489A428F3AFC50046B9F4 /* tela03.storyboard */ = {isa = PBXFileReference; lastKnownFileType = file.storyboard; path = tela03.storyboard; sourceTree = "<group>"; };
		C43489A628F3AFFC0046B9F4 /* tela04.swift */ = {isa = PBXFileReference; lastKnownFileType = sourcecode.swift; path = tela04.swift; sourceTree = "<group>"; };
		C43489A828F3B00C0046B9F4 /* tela04.storyboard */ = {isa = PBXFileReference; lastKnownFileType = file.storyboard; path = tela04.storyboard; sourceTree = "<group>"; };
/* End PBXFileReference section */

/* Begin PBXFrameworksBuildPhase section */
		C434898428F3AE980046B9F4 /* Frameworks */ = {
			isa = PBXFrameworksBuildPhase;
			buildActionMask = 2147483647;
			files = (
			);
			runOnlyForDeploymentPostprocessing = 0;
		};
/* End PBXFrameworksBuildPhase section */

/* Begin PBXGroup section */
		C434897E28F3AE980046B9F4 = {
			isa = PBXGroup;
			children = (
				C434898928F3AE980046B9F4 /* navigationControllerProgramatica */,
				C434898828F3AE980046B9F4 /* Products */,
			);
			sourceTree = "<group>";
		};
		C434898828F3AE980046B9F4 /* Products */ = {
			isa = PBXGroup;
			children = (
				C434898728F3AE980046B9F4 /* navigationControllerProgramatica.app */,
			);
			name = Products;
			sourceTree = "<group>";
		};
		C434898928F3AE980046B9F4 /* navigationControllerProgramatica */ = {
			isa = PBXGroup;
			children = (
				C434898A28F3AE980046B9F4 /* AppDelegate.swift */,
				C434898C28F3AE980046B9F4 /* SceneDelegate.swift */,
				C434898E28F3AE980046B9F4 /* ViewController.swift */,
				C434899028F3AE980046B9F4 /* Main.storyboard */,
				C434899328F3AE9A0046B9F4 /* Assets.xcassets */,
				C434899528F3AE9A0046B9F4 /* LaunchScreen.storyboard */,
				C434899828F3AE9A0046B9F4 /* Info.plist */,
				C434899E28F3AF570046B9F4 /* tela02.swift */,
				C43489A028F3AF680046B9F4 /* tela02.storyboard */,
				C43489A228F3AFB40046B9F4 /* tela03.swift */,
				C43489A428F3AFC50046B9F4 /* tela03.storyboard */,
				C43489A628F3AFFC0046B9F4 /* tela04.swift */,
				C43489A828F3B00C0046B9F4 /* tela04.storyboard */,
				C42ABC1728F4F5C400380016 /* tela05.swift */,
				C42ABC1928F4F5D200380016 /* tela05.storyboard */,
			);
			path = navigationControllerProgramatica;
			sourceTree = "<group>";
		};
/* End PBXGroup section */

/* Begin PBXNativeTarget section */
		C434898628F3AE980046B9F4 /* navigationControllerProgramatica */ = {
			isa = PBXNativeTarget;
			buildConfigurationList = C434899B28F3AE9A0046B9F4 /* Build configuration list for PBXNativeTarget "navigationControllerProgramatica" */;
			buildPhases = (
				C434898328F3AE980046B9F4 /* Sources */,
				C434898428F3AE980046B9F4 /* Frameworks */,
				C434898528F3AE980046B9F4 /* Resources */,
			);
			buildRules = (
			);
			dependencies = (
			);
			name = navigationControllerProgramatica;
			productName = navigationControllerProgramatica;
			productReference = C434898728F3AE980046B9F4 /* navigationControllerProgramatica.app */;
			productType = "com.apple.product-type.application";
		};
/* End PBXNativeTarget section */

/* Begin PBXProject section */
		C434897F28F3AE980046B9F4 /* Project object */ = {
			isa = PBXProject;
			attributes = {
				BuildIndependentTargetsInParallel = 1;
				LastSwiftUpdateCheck = 1400;
				LastUpgradeCheck = 1400;
				TargetAttributes = {
					C434898628F3AE980046B9F4 = {
						CreatedOnToolsVersion = 14.0;
					};
				};
			};
			buildConfigurationList = C434898228F3AE980046B9F4 /* Build configuration list for PBXProject "navigationControllerProgramatica" */;
			compatibilityVersion = "Xcode 14.0";
			developmentRegion = en;
			hasScannedForEncodings = 0;
			knownRegions = (
				en,
				Base,
			);
			mainGroup = C434897E28F3AE980046B9F4;
			productRefGroup = C434898828F3AE980046B9F4 /* Products */;
			projectDirPath = "";
			projectRoot = "";
			targets = (
				C434898628F3AE980046B9F4 /* navigationControllerProgramatica */,
			);
		};
/* End PBXProject section */

/* Begin PBXResourcesBuildPhase section */
		C434898528F3AE980046B9F4 /* Resources */ = {
			isa = PBXResourcesBuildPhase;
			buildActionMask = 2147483647;
			files = (
				C43489A128F3AF680046B9F4 /* tela02.storyboard in Resources */,
				C434899728F3AE9A0046B9F4 /* LaunchScreen.storyboard in Resources */,
				C42ABC1A28F4F5D200380016 /* tela05.storyboard in Resources */,
				C434899428F3AE9A0046B9F4 /* Assets.xcassets in Resources */,
				C43489A528F3AFC50046B9F4 /* tela03.storyboard in Resources */,
				C43489A928F3B00C0046B9F4 /* tela04.storyboard in Resources */,
				C434899228F3AE980046B9F4 /* Main.storyboard in Resources */,
			);
			runOnlyForDeploymentPostprocessing = 0;
		};
/* End PBXResourcesBuildPhase section */

/* Begin PBXSourcesBuildPhase section */
		C434898328F3AE980046B9F4 /* Sources */ = {
			isa = PBXSourcesBuildPhase;
			buildActionMask = 2147483647;
			files = (
				C43489A328F3AFB40046B9F4 /* tela03.swift in Sources */,
				C434898F28F3AE980046B9F4 /* ViewController.swift in Sources */,
				C434898B28F3AE980046B9F4 /* AppDelegate.swift in Sources */,
				C43489A728F3AFFC0046B9F4 /* tela04.swift in Sources */,
				C434898D28F3AE980046B9F4 /* SceneDelegate.swift in Sources */,
				C434899F28F3AF570046B9F4 /* tela02.swift in Sources */,
				C42ABC1828F4F5C400380016 /* tela05.swift in Sources */,
			);
			runOnlyForDeploymentPostprocessing = 0;
		};
/* End PBXSourcesBuildPhase section */

/* Begin PBXVariantGroup section */
		C434899028F3AE980046B9F4 /* Main.storyboard */ = {
			isa = PBXVariantGroup;
			children = (
				C434899128F3AE980046B9F4 /* Base */,
			);
			name = Main.storyboard;
			sourceTree = "<group>";
		};
		C434899528F3AE9A0046B9F4 /* LaunchScreen.storyboard */ = {
			isa = PBXVariantGroup;
			children = (
				C434899628F3AE9A0046B9F4 /* Base */,
			);
			name = LaunchScreen.storyboard;
			sourceTree = "<group>";
		};
/* End PBXVariantGroup section */

/* Begin XCBuildConfiguration section */
		C434899928F3AE9A0046B9F4 /* Debug */ = {
			isa = XCBuildConfiguration;
			buildSettings = {
				ALWAYS_SEARCH_USER_PATHS = NO;
				CLANG_ANALYZER_NONNULL = YES;
				CLANG_ANALYZER_NUMBER_OBJECT_CONVERSION = YES_AGGRESSIVE;
				CLANG_CXX_LANGUAGE_STANDARD = "gnu++20";
				CLANG_ENABLE_MODULES = YES;
				CLANG_ENABLE_OBJC_ARC = YES;
				CLANG_ENABLE_OBJC_WEAK = YES;
				CLANG_WARN_BLOCK_CAPTURE_AUTORELEASING = YES;
				CLANG_WARN_BOOL_CONVERSION = YES;
				CLANG_WARN_COMMA = YES;
				CLANG_WARN_CONSTANT_CONVERSION = YES;
				CLANG_WARN_DEPRECATED_OBJC_IMPLEMENTATIONS = YES;
				CLANG_WARN_DIRECT_OBJC_ISA_USAGE = YES_ERROR;
				CLANG_WARN_DOCUMENTATION_COMMENTS = YES;
				CLANG_WARN_EMPTY_BODY = YES;
				CLANG_WARN_ENUM_CONVERSION = YES;
				CLANG_WARN_INFINITE_RECURSION = YES;
				CLANG_WARN_INT_CONVERSION = YES;
				CLANG_WARN_NON_LITERAL_NULL_CONVERSION = YES;
				CLANG_WARN_OBJC_IMPLICIT_RETAIN_SELF = YES;
				CLANG_WARN_OBJC_LITERAL_CONVERSION = YES;
				CLANG_WARN_OBJC_ROOT_CLASS = YES_ERROR;
				CLANG_WARN_QUOTED_INCLUDE_IN_FRAMEWORK_HEADER = YES;
				CLANG_WARN_RANGE_LOOP_ANALYSIS = YES;
				CLANG_WARN_STRICT_PROTOTYPES = YES;
				CLANG_WARN_SUSPICIOUS_MOVE = YES;
				CLANG_WARN_UNGUARDED_AVAILABILITY = YES_AGGRESSIVE;
				CLANG_WARN_UNREACHABLE_CODE = YES;
				CLANG_WARN__DUPLICATE_METHOD_MATCH = YES;
				COPY_PHASE_STRIP = NO;
				DEBUG_INFORMATION_FORMAT = dwarf;
				ENABLE_STRICT_OBJC_MSGSEND = YES;
				ENABLE_TESTABILITY = YES;
				GCC_C_LANGUAGE_STANDARD = gnu11;
				GCC_DYNAMIC_NO_PIC = NO;
				GCC_NO_COMMON_BLOCKS = YES;
				GCC_OPTIMIZATION_LEVEL = 0;
				GCC_PREPROCESSOR_DEFINITIONS = (
					"DEBUG=1",
					"$(inherited)",
				);
				GCC_WARN_64_TO_32_BIT_CONVERSION = YES;
				GCC_WARN_ABOUT_RETURN_TYPE = YES_ERROR;
				GCC_WARN_UNDECLARED_SELECTOR = YES;
				GCC_WARN_UNINITIALIZED_AUTOS = YES_AGGRESSIVE;
				GCC_WARN_UNUSED_FUNCTION = YES;
				GCC_WARN_UNUSED_VARIABLE = YES;
				IPHONEOS_DEPLOYMENT_TARGET = 16.0;
				MTL_ENABLE_DEBUG_INFO = INCLUDE_SOURCE;
				MTL_FAST_MATH = YES;
				ONLY_ACTIVE_ARCH = YES;
				SDKROOT = iphoneos;
				SWIFT_ACTIVE_COMPILATION_CONDITIONS = DEBUG;
				SWIFT_OPTIMIZATION_LEVEL = "-Onone";
			};
			name = Debug;
		};
		C434899A28F3AE9A0046B9F4 /* Release */ = {
			isa = XCBuildConfiguration;
			buildSettings = {
				ALWAYS_SEARCH_USER_PATHS = NO;
				CLANG_ANALYZER_NONNULL = YES;
				CLANG_ANALYZER_NUMBER_OBJECT_CONVERSION = YES_AGGRESSIVE;
				CLANG_CXX_LANGUAGE_STANDARD = "gnu++20";
				CLANG_ENABLE_MODULES = YES;
				CLANG_ENABLE_OBJC_ARC = YES;
				CLANG_ENABLE_OBJC_WEAK = YES;
				CLANG_WARN_BLOCK_CAPTURE_AUTORELEASING = YES;
				CLANG_WARN_BOOL_CONVERSION = YES;
				CLANG_WARN_COMMA = YES;
				CLANG_WARN_CONSTANT_CONVERSION = YES;
				CLANG_WARN_DEPRECATED_OBJC_IMPLEMENTATIONS = YES;
				CLANG_WARN_DIRECT_OBJC_ISA_USAGE = YES_ERROR;
				CLANG_WARN_DOCUMENTATION_COMMENTS = YES;
				CLANG_WARN_EMPTY_BODY = YES;
				CLANG_WARN_ENUM_CONVERSION = YES;
				CLANG_WARN_INFINITE_RECURSION = YES;
				CLANG_WARN_INT_CONVERSION = YES;
				CLANG_WARN_NON_LITERAL_NULL_CONVERSION = YES;
				CLANG_WARN_OBJC_IMPLICIT_RETAIN_SELF = YES;
				CLANG_WARN_OBJC_LITERAL_CONVERSION = YES;
				CLANG_WARN_OBJC_ROOT_CLASS = YES_ERROR;
				CLANG_WARN_QUOTED_INCLUDE_IN_FRAMEWORK_HEADER = YES;
				CLANG_WARN_RANGE_LOOP_ANALYSIS = YES;
				CLANG_WARN_STRICT_PROTOTYPES = YES;
				CLANG_WARN_SUSPICIOUS_MOVE = YES;
				CLANG_WARN_UNGUARDED_AVAILABILITY = YES_AGGRESSIVE;
				CLANG_WARN_UNREACHABLE_CODE = YES;
				CLANG_WARN__DUPLICATE_METHOD_MATCH = YES;
				COPY_PHASE_STRIP = NO;
				DEBUG_INFORMATION_FORMAT = "dwarf-with-dsym";
				ENABLE_NS_ASSERTIONS = NO;
				ENABLE_STRICT_OBJC_MSGSEND = YES;
				GCC_C_LANGUAGE_STANDARD = gnu11;
				GCC_NO_COMMON_BLOCKS = YES;
				GCC_WARN_64_TO_32_BIT_CONVERSION = YES;
				GCC_WARN_ABOUT_RETURN_TYPE = YES_ERROR;
				GCC_WARN_UNDECLARED_SELECTOR = YES;
				GCC_WARN_UNINITIALIZED_AUTOS = YES_AGGRESSIVE;
				GCC_WARN_UNUSED_FUNCTION = YES;
				GCC_WARN_UNUSED_VARIABLE = YES;
				IPHONEOS_DEPLOYMENT_TARGET = 16.0;
				MTL_ENABLE_DEBUG_INFO = NO;
				MTL_FAST_MATH = YES;
				SDKROOT = iphoneos;
				SWIFT_COMPILATION_MODE = wholemodule;
				SWIFT_OPTIMIZATION_LEVEL = "-O";
				VALIDATE_PRODUCT = YES;
			};
			name = Release;
		};
		C434899C28F3AE9A0046B9F4 /* Debug */ = {
			isa = XCBuildConfiguration;
			buildSettings = {
				ASSETCATALOG_COMPILER_APPICON_NAME = AppIcon;
				ASSETCATALOG_COMPILER_GLOBAL_ACCENT_COLOR_NAME = AccentColor;
				CODE_SIGN_STYLE = Automatic;
				CURRENT_PROJECT_VERSION = 1;
				GENERATE_INFOPLIST_FILE = YES;
				INFOPLIST_FILE = navigationControllerProgramatica/Info.plist;
				INFOPLIST_KEY_UIApplicationSupportsIndirectInputEvents = YES;
				INFOPLIST_KEY_UILaunchStoryboardName = LaunchScreen;
				INFOPLIST_KEY_UIMainStoryboardFile = Main;
				INFOPLIST_KEY_UISupportedInterfaceOrientations_iPad = "UIInterfaceOrientationPortrait UIInterfaceOrientationPortraitUpsideDown UIInterfaceOrientationLandscapeLeft UIInterfaceOrientationLandscapeRight";
				INFOPLIST_KEY_UISupportedInterfaceOrientations_iPhone = "UIInterfaceOrientationPortrait UIInterfaceOrientationLandscapeLeft UIInterfaceOrientationLandscapeRight";
				LD_RUNPATH_SEARCH_PATHS = (
					"$(inherited)",
					"@executable_path/Frameworks",
				);
				MARKETING_VERSION = 1.0;
				PRODUCT_BUNDLE_IDENTIFIER = com.navigationControllerProgramatica;
				PRODUCT_NAME = "$(TARGET_NAME)";
				SWIFT_EMIT_LOC_STRINGS = YES;
				SWIFT_VERSION = 5.0;
				TARGETED_DEVICE_FAMILY = "1,2";
			};
			name = Debug;
		};
		C434899D28F3AE9A0046B9F4 /* Release */ = {
			isa = XCBuildConfiguration;
			buildSettings = {
				ASSETCATALOG_COMPILER_APPICON_NAME = AppIcon;
				ASSETCATALOG_COMPILER_GLOBAL_ACCENT_COLOR_NAME = AccentColor;
				CODE_SIGN_STYLE = Automatic;
				CURRENT_PROJECT_VERSION = 1;
				GENERATE_INFOPLIST_FILE = YES;
				INFOPLIST_FILE = navigationControllerProgramatica/Info.plist;
				INFOPLIST_KEY_UIApplicationSupportsIndirectInputEvents = YES;
				INFOPLIST_KEY_UILaunchStoryboardName = LaunchScreen;
				INFOPLIST_KEY_UIMainStoryboardFile = Main;
				INFOPLIST_KEY_UISupportedInterfaceOrientations_iPad = "UIInterfaceOrientationPortrait UIInterfaceOrientationPortraitUpsideDown UIInterfaceOrientationLandscapeLeft UIInterfaceOrientationLandscapeRight";
				INFOPLIST_KEY_UISupportedInterfaceOrientations_iPhone = "UIInterfaceOrientationPortrait UIInterfaceOrientationLandscapeLeft UIInterfaceOrientationLandscapeRight";
				LD_RUNPATH_SEARCH_PATHS = (
					"$(inherited)",
					"@executable_path/Frameworks",
				);
				MARKETING_VERSION = 1.0;
				PRODUCT_BUNDLE_IDENTIFIER = com.navigationControllerProgramatica;
				PRODUCT_NAME = "$(TARGET_NAME)";
				SWIFT_EMIT_LOC_STRINGS = YES;
				SWIFT_VERSION = 5.0;
				TARGETED_DEVICE_FAMILY = "1,2";
			};
			name = Release;
		};
/* End XCBuildConfiguration section */

/* Begin XCConfigurationList section */
		C434898228F3AE980046B9F4 /* Build configuration list for PBXProject "navigationControllerProgramatica" */ = {
			isa = XCConfigurationList;
			buildConfigurations = (
				C434899928F3AE9A0046B9F4 /* Debug */,
				C434899A28F3AE9A0046B9F4 /* Release */,
			);
			defaultConfigurationIsVisible = 0;
			defaultConfigurationName = Release;
		};
		C434899B28F3AE9A0046B9F4 /* Build configuration list for PBXNativeTarget "navigationControllerProgramatica" */ = {
			isa = XCConfigurationList;
			buildConfigurations = (
				C434899C28F3AE9A0046B9F4 /* Debug */,
				C434899D28F3AE9A0046B9F4 /* Release */,
			);
			defaultConfigurationIsVisible = 0;
			defaultConfigurationName = Release;
		};
/* End XCConfigurationList section */
	};
	rootObject = C434897F28F3AE980046B9F4 /* Project object */;
}
